{
  "name": "heroes5-mod-devkit",
  "version": "0.1.0",
  "lockfileVersion": 3,
  "requires": true,
  "packages": {
    "": {
      "name": "heroes5-mod-devkit",
      "version": "0.1.0",
      "devDependencies": {
        "bladeforge-review-harness": "0.3.0"
      },
      "engines": {
        "node": ">=22"
      }
    },
    "node_modules/bladeforge-review-harness": {
      "version": "0.3.0",
      "resolved": "https://registry.npmjs.org/bladeforge-review-harness/-/bladeforge-review-harness-0.3.0.tgz",
      "integrity": "sha512-P/oEL5+rWLQtt03z6yJi4Pko8rU723GTFdewXFKYFvfZiAxyHNBUkAxiARHFBYTLJWII0XRVpjB2lHnWlPDpgg==",
      "dev": true,
      "bin": {
        "review-attest": "dist/review-attest.js",
        "review-gate": "dist/review-gate.js",
        "review-info": "dist/review-info.js"
      },
      "engines": {
        "node": ">=18"
      }
    }
  }
}
